lockfileVersion: '9.0'

settings:
  autoInstallPeers: true
  excludeLinksFromLockfile: false

importers:

  .:
    dependencies:
      '@types/node':
        specifier: ^20.14.2
        version: 20.14.2
      app-root-path:
        specifier: ^3.1.0
        version: 3.1.0
      handlebars:
        specifier: ^4.7.8
        version: 4.7.8
    devDependencies:
      prettier:
        specifier: ^3.3.1
        version: 3.3.1
      prettier-plugin-rust:
        specifier: ^0.1.9
        version: 0.1.9

packages:

  '@types/node@20.14.2':
    resolution: {integrity: sha512-xyu6WAMVwv6AKFLB+e/7ySZVr/0zLCzOa7rSpq6jNwpqOrUbcACDWC+53d4n2QHOnDou0fbIsg8wZu/sxrnI4Q==}

  app-root-path@3.1.0:
    resolution: {integrity: sha512-biN3PwB2gUtjaYy/isrU3aNWI5w+fAfvHkSvCKeQGxhmYpwKFUxudR3Yya+KqVRHBmEDYh+/lTozYCFbmzX4nA==}
    engines: {node: '>= 6.0.0'}

  handlebars@4.7.8:
    resolution: {integrity: sha512-vafaFqs8MZkRrSX7sFVUdo3ap/eNiLnb4IakshzvP56X5Nr1iGKAIqdX6tMlm6HcNRIkr6AxO5jFEoJzzpT8aQ==}
    engines: {node: '>=0.4.7'}
    hasBin: true

  jinx-rust@0.1.6:
    resolution: {integrity: sha512-qP+wtQL1PrDDFwtPKhNGtjWOmijCrKdfUHWTV2G/ikxfjrh+cjdvkQTmny9RAsVF0jiui9m+F0INWu4cuRcZeQ==}

  minimist@1.2.8:
    resolution: {integrity: sha512-2yyAR8qBkN3YuheJanUpWC5U3bb5osDywNB8RzDVlDwDHbocAJveqqj1u8+SVD7jkWT4yvsHCpWqqWqAxb0zCA==}

  neo-async@2.6.2:
    resolution: {integrity: sha512-Yd3UES5mWCSqR+qNT93S3UoYUkqAZ9lLg8a7g9rimsWmYGK8cVToA4/sF3RrshdyV3sAGMXVUmpMYOw+dLpOuw==}

  prettier-plugin-rust@0.1.9:
    resolution: {integrity: sha512-n1DTTJQaHMdnoG/+nKUvBm3EKsMVWsYES2UPCiOPiZdBrmuAO/pX++m7L3+Hz3uuhtddpH0HRKHB2F3jbtJBOQ==}

  prettier@2.8.8:
    resolution: {integrity: sha512-tdN8qQGvNjw4CHbY+XXk0JgCXn9QiF21a55rBe5LJAU+kDyC4WQn4+awm2Xfk2lQMk5fKup9XgzTZtGkjBdP9Q==}
    engines: {node: '>=10.13.0'}
    hasBin: true

  prettier@3.3.1:
    resolution: {integrity: sha512-7CAwy5dRsxs8PHXT3twixW9/OEll8MLE0VRPCJyl7CkS6VHGPSlsVaWTiASPTyGyYRyApxlaWTzwUxVNrhcwDg==}
    engines: {node: '>=14'}
    hasBin: true

  source-map@0.6.1:
    resolution: {integrity: sha512-UjgapumWlbMhkBgzT7Ykc5YXUT46F0iKu8SGXq0bcwP5dz/h0Plj6enJqjz1Zbq2l5WaqYnrVbwWOWMyF3F47g==}
    engines: {node: '>=0.10.0'}

  uglify-js@3.17.4:
    resolution: {integrity: sha512-T9q82TJI9e/C1TAxYvfb16xO120tMVFZrGA3f9/P4424DNu6ypK103y0GPFVa17yotwSyZW5iYXgjYHkGrJW/g==}
    engines: {node: '>=0.8.0'}
    hasBin: true

  undici-types@5.26.5:
    resolution: {integrity: sha512-JlCMO+ehdEIKqlFxk6IfVoAUVmgz7cU7zD/h9XZ0qzeosSHmUJVOzSQvvYSYWXkFXC+IfLKSIffhv0sVZup6pA==}

  wordwrap@1.0.0:
    resolution: {integrity: sha512-gvVzJFlPycKc5dZN4yPkP8w7Dc37BtP1yczEneOb4uq34pXZcvrtRTmWV8W+Ume+XCxKgbjM+nevkyFPMybd4Q==}

snapshots:

  '@types/node@20.14.2':
    dependencies:
      undici-types: 5.26.5

  app-root-path@3.1.0: {}

  handlebars@4.7.8:
    dependencies:
      minimist: 1.2.8
      neo-async: 2.6.2
      source-map: 0.6.1
      wordwrap: 1.0.0
    optionalDependencies:
      uglify-js: 3.17.4

  jinx-rust@0.1.6: {}

  minimist@1.2.8: {}

  neo-async@2.6.2: {}

  prettier-plugin-rust@0.1.9:
    dependencies:
      jinx-rust: 0.1.6
      prettier: 2.8.8

  prettier@2.8.8: {}

  prettier@3.3.1: {}

  source-map@0.6.1: {}

  uglify-js@3.17.4:
    optional: true

  undici-types@5.26.5: {}

  wordwrap@1.0.0: {}
